
Microsoft Visual Studio Solution File, Format Version 12.00
# Visual Studio 2013
VisualStudioVersion = 12.0.30501.0
MinimumVisualStudioVersion = 10.0.40219.1
Project("{2150E333-8FDC-42A3-9474-1A3956D46DE8}") = "Solution Items", "Solution Items", "{ACC9001D-208A-4CA5-8954-EF9B8ABBCC12}"
	ProjectSection(SolutionItems) = preProject
		src\AntoineEquation.csproj = src\AntoineEquation.csproj
		src\AntoineEquation.csproj.user = src\AntoineEquation.csproj.user
	EndProjectSection
EndProject
Project("{FAE04EC0-301F-11D3-BF4B-00C04F79EFBC}") = "AntoineEquation", "src\AntoineEquation.csproj", "{52148B83-AF85-401D-9D2A-BCBEF514FD21}"
EndProject
Global
	GlobalSection(SolutionConfigurationPlatforms) = preSolution
		Debug|Any CPU = Debug|Any CPU
		Release|Any CPU = Release|Any CPU
	EndGlobalSection
	GlobalSection(ProjectConfigurationPlatforms) = postSolution
		{52148B83-AF85-401D-9D2A-BCBEF514FD21}.Debug|Any CPU.ActiveCfg = Debug|Any CPU
		{52148B83-AF85-401D-9D2A-BCBEF514FD21}.Debug|Any CPU.Build.0 = Debug|Any CPU
		{52148B83-AF85-401D-9D2A-BCBEF514FD21}.Release|Any CPU.ActiveCfg = Release|Any CPU
		{52148B83-AF85-401D-9D2A-BCBEF514FD21}.Release|Any CPU.Build.0 = Release|Any CPU
	EndGlobalSection
	GlobalSection(SolutionProperties) = preSolution
		HideSolutionNode = FALSE
	EndGlobalSection
	GlobalSection(NestedProjects) = preSolution
		{52148B83-AF85-401D-9D2A-BCBEF514FD21} = {ACC9001D-208A-4CA5-8954-EF9B8ABBCC12}
	EndGlobalSection
EndGlobal
